
Microsoft Visual Studio Solution File, Format Version 12.00
# Visual Studio Version 17
VisualStudioVersion = 17.11.35327.3
MinimumVisualStudioVersion = 10.0.40219.1
Project("{FAE04EC0-301F-11D3-BF4B-00C04F79EFBC}") = "CSharpEgitimKampi301.EntityLayer", "CSharpEgitimKampi301.EntityLayer\CSharpEgitimKampi301.EntityLayer.csproj", "{051F22A8-3CA8-42BA-B873-4E59A75EA58E}"
EndProject
Project("{FAE04EC0-301F-11D3-BF4B-00C04F79EFBC}") = "CSharpEgitimKampi301.DataAccessLayer", "CSharpEgitimKampi301.DataAccessLayer\CSharpEgitimKampi301.DataAccessLayer.csproj", "{054BB20F-B070-4400-B26E-938AAE711C76}"
EndProject
Project("{FAE04EC0-301F-11D3-BF4B-00C04F79EFBC}") = "CSharpEgitimKampi301.BusinessLayer", "CSharpEgitimKampi301.BusinessLayer\CSharpEgitimKampi301.BusinessLayer.csproj", "{343FF8B4-C6DC-4381-83A7-07DA793602A4}"
EndProject
Project("{FAE04EC0-301F-11D3-BF4B-00C04F79EFBC}") = "CSharpEgitimKampi301.PresentationLayer", "CSharpEgitimKampi301.PresentationLayer\CSharpEgitimKampi301.PresentationLayer.csproj", "{CD3707CE-61ED-41F1-9951-FAFDA0700241}"
EndProject
Project("{FAE04EC0-301F-11D3-BF4B-00C04F79EFBC}") = "CSharpEgitimKampi301.EFProject", "CSharpEgitimKampi301.EFProject\CSharpEgitimKampi301.EFProject.csproj", "{76747709-2C19-4ECC-BA9D-4D8A611E9476}"
EndProject
Global
	GlobalSection(SolutionConfigurationPlatforms) = preSolution
		Debug|Any CPU = Debug|Any CPU
		Release|Any CPU = Release|Any CPU
	EndGlobalSection
	GlobalSection(ProjectConfigurationPlatforms) = postSolution
		{051F22A8-3CA8-42BA-B873-4E59A75EA58E}.Debug|Any CPU.ActiveCfg = Debug|Any CPU
		{051F22A8-3CA8-42BA-B873-4E59A75EA58E}.Debug|Any CPU.Build.0 = Debug|Any CPU
		{051F22A8-3CA8-42BA-B873-4E59A75EA58E}.Release|Any CPU.ActiveCfg = Release|Any CPU
		{051F22A8-3CA8-42BA-B873-4E59A75EA58E}.Release|Any CPU.Build.0 = Release|Any CPU
		{054BB20F-B070-4400-B26E-938AAE711C76}.Debug|Any CPU.ActiveCfg = Debug|Any CPU
		{054BB20F-B070-4400-B26E-938AAE711C76}.Debug|Any CPU.Build.0 = Debug|Any CPU
		{054BB20F-B070-4400-B26E-938AAE711C76}.Release|Any CPU.ActiveCfg = Release|Any CPU
		{054BB20F-B070-4400-B26E-938AAE711C76}.Release|Any CPU.Build.0 = Release|Any CPU
		{343FF8B4-C6DC-4381-83A7-07DA793602A4}.Debug|Any CPU.ActiveCfg = Debug|Any CPU
		{343FF8B4-C6DC-4381-83A7-07DA793602A4}.Debug|Any CPU.Build.0 = Debug|Any CPU
		{343FF8B4-C6DC-4381-83A7-07DA793602A4}.Release|Any CPU.ActiveCfg = Release|Any CPU
		{343FF8B4-C6DC-4381-83A7-07DA793602A4}.Release|Any CPU.Build.0 = Release|Any CPU
		{CD3707CE-61ED-41F1-9951-FAFDA0700241}.Debug|Any CPU.ActiveCfg = Debug|Any CPU
		{CD3707CE-61ED-41F1-9951-FAFDA0700241}.Debug|Any CPU.Build.0 = Debug|Any CPU
		{CD3707CE-61ED-41F1-9951-FAFDA0700241}.Release|Any CPU.ActiveCfg = Release|Any CPU
		{CD3707CE-61ED-41F1-9951-FAFDA0700241}.Release|Any CPU.Build.0 = Release|Any CPU
		{76747709-2C19-4ECC-BA9D-4D8A611E9476}.Debug|Any CPU.ActiveCfg = Debug|Any CPU
		{76747709-2C19-4ECC-BA9D-4D8A611E9476}.Debug|Any CPU.Build.0 = Debug|Any CPU
		{76747709-2C19-4ECC-BA9D-4D8A611E9476}.Release|Any CPU.ActiveCfg = Release|Any CPU
		{76747709-2C19-4ECC-BA9D-4D8A611E9476}.Release|Any CPU.Build.0 = Release|Any CPU
	EndGlobalSection
	GlobalSection(SolutionProperties) = preSolution
		HideSolutionNode = FALSE
	EndGlobalSection
	GlobalSection(ExtensibilityGlobals) = postSolution
		SolutionGuid = {73F6CCCB-69AF-472E-947D-0D4296E0CCF1}
	EndGlobalSection
EndGlobal
